# This file was autogenerated by uv via the following command:
#    uv pip compile app/usecase/libraries/requirements.txt --python-version 3.13 --generate-hashes -o app/usecase/libraries/requirements.lock
mypy-boto3-cloudwatch==1.43.2 \
    --hash=sha256:954a9ac4a7d24310aa4df4e3de943fcc1fedb0b1cd0361c51d05951df0ac7918 \
    --hash=sha256:a08fb826321b88da8043a4175d7dce7a28119ac22aca6e12d938b0ae33228d05
    # via -r app/usecase/libraries/requirements.txt
mypy-boto3-secretsmanager==1.43.0 \
    --hash=sha256:265ee2fddf9d3e42ae39685625fb7861a539110d8e324372847c0e1cbd666b20 \
    --hash=sha256:38415cdecb73dd20e485707a7cf456f6dde54ff4b155e7fb255eb001eb47d5bc
    # via -r app/usecase/libraries/requirements.txt
mypy-boto3-ssm==1.43.0 \
    --hash=sha256:33cb659b6182160141f9598fbdf6ff921dc94247a86f62152abd870b24e4ff62 \
    --hash=sha256:56caee120bdc601aec269b4203e67365db7f1531797d87ff616e318249fc1399
    # via -r app/usecase/libraries/requirements.txt
mypy-boto3-sts==1.43.0 \
    --hash=sha256:7c38cffd0f07ff226d0b8016610bf5fa19bd6fa2a75a04cfdeecba2cabea8a4c \
    --hash=sha256:a7523d0a5c67af3ff814eaa93458087fcf6d389402c50f4bd3c1e82a5ebdd94a
    # via -r app/usecase/libraries/requirements.txt
