# This file was autogenerated by uv via the following command:
#    uv pip compile app/usecase/libraries/requirements.txt --python-version 3.13 --generate-hashes -o app/usecase/libraries/requirements.lock
mypy-boto3-cloudwatch==1.42.82 \
    --hash=sha256:b5d88ca47ae594f235df584d603e243c8e930ff5e16ca30494da2f385e41af20 \
    --hash=sha256:d762e94a83cbb78643acad543164e588c15d2e416f76454cc62c624c9783bbe7
    # via -r app/usecase/libraries/requirements.txt
mypy-boto3-secretsmanager==1.42.8 \
    --hash=sha256:50c891a88e725a8dba7444018e47590ea63d8e938abe2b1c0b25e5413f39d51d \
    --hash=sha256:5ab42f35ce932765ebb1684146f478a87cc4b83bef950fd1aa0e268b88d59c81
    # via -r app/usecase/libraries/requirements.txt
mypy-boto3-ssm==1.42.54 \
    --hash=sha256:dfd70aa5f60be70437b53482fa6e183bafe922598a50fc6c51f6ad3bd70d8c04 \
    --hash=sha256:f4bc19a08635757808b66ef94a5b52c3729da998587745962626e60606a1be2c
    # via -r app/usecase/libraries/requirements.txt
mypy-boto3-sts==1.42.3 \
    --hash=sha256:0e02603e0867da61acfe4d01422ac1ea9687313036001ea89d4ee2fcd33d352d \
    --hash=sha256:3857c5ba3f3a5c0417edc47f5ad4e45891e3babc32d56c6b27c5d4167f9f5ba7
    # via -r app/usecase/libraries/requirements.txt
