# This file was autogenerated by uv via the following command:
#    uv pip compile app/usecase/libraries/requirements.txt --python-version 3.13 --generate-hashes -o app/usecase/libraries/requirements.lock
mypy-boto3-cloudwatch==1.42.95 \
    --hash=sha256:bd21c9a0f9d08b65f6a5b439d52acd37ba71126046e55eb7b69e0cd5f74b55d3 \
    --hash=sha256:d1ddec9988707d23b4adc0ad0ae4bbb2f1e3342a9b7be06ea1d83f7176a1f018
    # via -r app/usecase/libraries/requirements.txt
mypy-boto3-secretsmanager==1.42.8 \
    --hash=sha256:50c891a88e725a8dba7444018e47590ea63d8e938abe2b1c0b25e5413f39d51d \
    --hash=sha256:5ab42f35ce932765ebb1684146f478a87cc4b83bef950fd1aa0e268b88d59c81
    # via -r app/usecase/libraries/requirements.txt
mypy-boto3-ssm==1.42.54 \
    --hash=sha256:dfd70aa5f60be70437b53482fa6e183bafe922598a50fc6c51f6ad3bd70d8c04 \
    --hash=sha256:f4bc19a08635757808b66ef94a5b52c3729da998587745962626e60606a1be2c
    # via -r app/usecase/libraries/requirements.txt
mypy-boto3-sts==1.42.91 \
    --hash=sha256:4e141e7d1f14a4a2f8a83462ffb33b11a271fb4d351a5591d73469e742df989f \
    --hash=sha256:f22da0a91c193441924aa5e24c574abe7ca6cb2131a90caeb74256fa14a06878
    # via -r app/usecase/libraries/requirements.txt
