# This file was autogenerated by uv via the following command:
#    uv pip compile app/provisioning/libraries/requirements.txt --python-version 3.13 --generate-hashes -o app/provisioning/libraries/requirements.lock
mypy-boto3-cloudformation==1.42.3 \
    --hash=sha256:3bd3849bc89a371d4c368691535b320244ba00579cddd63bb58b73f28d70e510 \
    --hash=sha256:d4c802dd78844f10e944143b9f40c2c1199ed5f57f3540ab7bfc2281ac5bcaf0
    # via -r app/provisioning/libraries/requirements.txt
mypy-boto3-dynamodb==1.42.73 \
    --hash=sha256:2df84f71ff41fba5f12e803be19c4483daa64ba030fc9d62ba5e5f9f09a4def8 \
    --hash=sha256:3fd9e093a8c982a53d55f6ac3d109d89957fe82b5c7ece65f27b772ed7a5ca9b
    # via -r app/provisioning/libraries/requirements.txt
mypy-boto3-ec2==1.42.85 \
    --hash=sha256:6187ee026bd54b820a9ea44ea02cd48ddd8ed0acac8609d5210d2705487c2a14 \
    --hash=sha256:ec39260ce9e8caf4d0dcf1a3d06bc05875930a9988fdbb7aa56cc54e7206adf0
    # via -r app/provisioning/libraries/requirements.txt
mypy-boto3-ecs==1.42.85 \
    --hash=sha256:4ce3fd9dd14ba7b1bd8445e73cdc6fc6f3e7beb4fab5c36ef8f1fa69ea428379 \
    --hash=sha256:9e3838724da81df136919adb9f537938ce4d5f17fe0238474a667c8756193721
    # via -r app/provisioning/libraries/requirements.txt
mypy-boto3-secretsmanager==1.42.8 \
    --hash=sha256:50c891a88e725a8dba7444018e47590ea63d8e938abe2b1c0b25e5413f39d51d \
    --hash=sha256:5ab42f35ce932765ebb1684146f478a87cc4b83bef950fd1aa0e268b88d59c81
    # via -r app/provisioning/libraries/requirements.txt
mypy-boto3-servicecatalog==1.42.3 \
    --hash=sha256:a42663997a8e0162559a2b8bd2af27b0237a4592435981fdb0cfdaf0d61ef380 \
    --hash=sha256:e7fb484dc1fba667091e518841c6a418e62429c950ca703bcf7036a3ae83bf2c
    # via -r app/provisioning/libraries/requirements.txt
mypy-boto3-ssm==1.42.54 \
    --hash=sha256:dfd70aa5f60be70437b53482fa6e183bafe922598a50fc6c51f6ad3bd70d8c04 \
    --hash=sha256:f4bc19a08635757808b66ef94a5b52c3729da998587745962626e60606a1be2c
    # via -r app/provisioning/libraries/requirements.txt
mypy-boto3-sts==1.42.3 \
    --hash=sha256:0e02603e0867da61acfe4d01422ac1ea9687313036001ea89d4ee2fcd33d352d \
    --hash=sha256:3857c5ba3f3a5c0417edc47f5ad4e45891e3babc32d56c6b27c5d4167f9f5ba7
    # via -r app/provisioning/libraries/requirements.txt
semver==3.0.4 \
    --hash=sha256:9c824d87ba7f7ab4a1890799cec8596f15c1241cb473404ea1cb0c55e4b04746 \
    --hash=sha256:afc7d8c584a5ed0a11033af086e8af226a9c0b206f313e0301f8dd7b6b589602
    # via -r app/provisioning/libraries/requirements.txt
