# This file was autogenerated by uv via the following command:
#    uv pip compile app/provisioning/libraries/requirements.txt --python-version 3.13 --generate-hashes -o app/provisioning/libraries/requirements.lock
mypy-boto3-cloudformation==1.43.0 \
    --hash=sha256:5be845bc3dc1b9cdbd8b6b071fad7c42d0221d4087ac0cc7c5b9dd219b324606 \
    --hash=sha256:bcb2f8b8231f6bd96cc18d17c1c72ea0dfa6dc8156966d8d12495445f5041f4c
    # via -r app/provisioning/libraries/requirements.txt
mypy-boto3-dynamodb==1.43.0 \
    --hash=sha256:60b64d15e86d406a980d96f734d8c7fb1704668d0234dc8dabd2532c902a3ba6 \
    --hash=sha256:f0cea38e058f1d07361ecb55d8f40665d824b42cf4864724c7fccc8bf3946fcd
    # via -r app/provisioning/libraries/requirements.txt
mypy-boto3-ec2==1.43.0 \
    --hash=sha256:241596b819ba9632b7c5f395bf34c7b9c00ae1754dfca67997cae96518e0c9f5 \
    --hash=sha256:e38e452ce4111db15147746fa5d69450fe4ceb82e1ac854ffdf5100cb9fbb342
    # via -r app/provisioning/libraries/requirements.txt
mypy-boto3-ecs==1.43.0 \
    --hash=sha256:a81235f3a79a3a037b36ab0c9df4040df9980616fcc99eb0975d373a481a479a \
    --hash=sha256:af65219c8d2aba176eaff97fe4bc656954b080361019d47529dc1a75fbee4767
    # via -r app/provisioning/libraries/requirements.txt
mypy-boto3-secretsmanager==1.43.0 \
    --hash=sha256:265ee2fddf9d3e42ae39685625fb7861a539110d8e324372847c0e1cbd666b20 \
    --hash=sha256:38415cdecb73dd20e485707a7cf456f6dde54ff4b155e7fb255eb001eb47d5bc
    # via -r app/provisioning/libraries/requirements.txt
mypy-boto3-servicecatalog==1.43.0 \
    --hash=sha256:2755270b4486aa73e5d6a8c687a80368b04b6bc396d98319b46276ef34097263 \
    --hash=sha256:34a92d04e49a75ec20725b4426a37f0c4b1d82a1a7454ea3e95700fed2d22df5
    # via -r app/provisioning/libraries/requirements.txt
mypy-boto3-ssm==1.43.0 \
    --hash=sha256:33cb659b6182160141f9598fbdf6ff921dc94247a86f62152abd870b24e4ff62 \
    --hash=sha256:56caee120bdc601aec269b4203e67365db7f1531797d87ff616e318249fc1399
    # via -r app/provisioning/libraries/requirements.txt
mypy-boto3-sts==1.43.0 \
    --hash=sha256:7c38cffd0f07ff226d0b8016610bf5fa19bd6fa2a75a04cfdeecba2cabea8a4c \
    --hash=sha256:a7523d0a5c67af3ff814eaa93458087fcf6d389402c50f4bd3c1e82a5ebdd94a
    # via -r app/provisioning/libraries/requirements.txt
semver==3.0.4 \
    --hash=sha256:9c824d87ba7f7ab4a1890799cec8596f15c1241cb473404ea1cb0c55e4b04746 \
    --hash=sha256:afc7d8c584a5ed0a11033af086e8af226a9c0b206f313e0301f8dd7b6b589602
    # via -r app/provisioning/libraries/requirements.txt
