# This file was autogenerated by uv via the following command:
#    uv pip compile app/provisioning/libraries/requirements.txt --python-version 3.13 --generate-hashes -o app/provisioning/libraries/requirements.lock
mypy-boto3-cloudformation==1.43.62 \
    --hash=sha256:75c066d1a172497f6eee629ed7e4479787da4e4929194eb979fea87311805e19 \
    --hash=sha256:b32adb4eadeced1d6085f48bc58e621eab1bf96e9616258432e291d59b5530cc
    # via -r app/provisioning/libraries/requirements.txt
mypy-boto3-dynamodb==1.43.64 \
    --hash=sha256:74f59f05544e7682bd2ee284fea9dc859d6ca5984f60f80c0ac54aa744115ead \
    --hash=sha256:8597ddd7d5f92cf00e7aa0875993e5cf09988f017eef41b94d47c08e7675b5d0
    # via -r app/provisioning/libraries/requirements.txt
mypy-boto3-ec2==1.43.64 \
    --hash=sha256:e201188dec9f61d5a3a253d0bc294f119954c487d44d9714de7b2af242c31ce5 \
    --hash=sha256:e39b53c58d518f6db9bc81e922e7be8d4eb89793501bb4967df194726f271154
    # via -r app/provisioning/libraries/requirements.txt
mypy-boto3-ecs==1.43.43 \
    --hash=sha256:21c835d6a22831f4fb2c7962f6bf45ecddecb2a539fbdaff593061ffe16be83e \
    --hash=sha256:31857accf9a2b96c010aff499dcc39192e04dfea57fbe280463f0bf16eb22b4e
    # via -r app/provisioning/libraries/requirements.txt
mypy-boto3-secretsmanager==1.43.0 \
    --hash=sha256:265ee2fddf9d3e42ae39685625fb7861a539110d8e324372847c0e1cbd666b20 \
    --hash=sha256:38415cdecb73dd20e485707a7cf456f6dde54ff4b155e7fb255eb001eb47d5bc
    # via -r app/provisioning/libraries/requirements.txt
mypy-boto3-servicecatalog==1.43.0 \
    --hash=sha256:2755270b4486aa73e5d6a8c687a80368b04b6bc396d98319b46276ef34097263 \
    --hash=sha256:34a92d04e49a75ec20725b4426a37f0c4b1d82a1a7454ea3e95700fed2d22df5
    # via -r app/provisioning/libraries/requirements.txt
mypy-boto3-ssm==1.43.53 \
    --hash=sha256:d90a5a46e2e5db78ae5354d6cf925be81567704d4d051337feef79b8cfd6d3de \
    --hash=sha256:f20a2f1035a0d58b61647c6f5c883e058152acdccd8a97e7d1916476dc8e7c7b
    # via -r app/provisioning/libraries/requirements.txt
mypy-boto3-sts==1.43.0 \
    --hash=sha256:7c38cffd0f07ff226d0b8016610bf5fa19bd6fa2a75a04cfdeecba2cabea8a4c \
    --hash=sha256:a7523d0a5c67af3ff814eaa93458087fcf6d389402c50f4bd3c1e82a5ebdd94a
    # via -r app/provisioning/libraries/requirements.txt
semver==3.0.4 \
    --hash=sha256:9c824d87ba7f7ab4a1890799cec8596f15c1241cb473404ea1cb0c55e4b04746 \
    --hash=sha256:afc7d8c584a5ed0a11033af086e8af226a9c0b206f313e0301f8dd7b6b589602
    # via -r app/provisioning/libraries/requirements.txt
