# This file was autogenerated by uv via the following command:
#    uv pip compile app/projects/libraries/requirements.txt --python-version 3.13 --generate-hashes -o app/projects/libraries/requirements.lock
mypy-boto3-dynamodb==1.42.73 \
    --hash=sha256:2df84f71ff41fba5f12e803be19c4483daa64ba030fc9d62ba5e5f9f09a4def8 \
    --hash=sha256:3fd9e093a8c982a53d55f6ac3d109d89957fe82b5c7ece65f27b772ed7a5ca9b
    # via -r app/projects/libraries/requirements.txt
mypy-boto3-ec2==1.42.94 \
    --hash=sha256:75fd9778db9ad52e23144e9e98d81d274e293e1f6c19a8ae79ef62b7c922daed \
    --hash=sha256:a013ee4532229ef197426dcf0c1b7aa2a0b8dcf33eb16d82dbe24b108df67fb7
    # via -r app/projects/libraries/requirements.txt
mypy-boto3-route53==1.42.6 \
    --hash=sha256:afba8dc333ddcb901882b652cd8bea61aa57367cd45f2e1bdd96fa50aed257e9 \
    --hash=sha256:e45905e5d8447d61ade57351a93e241a18527e3c5d58a334d90aa680e3126813
    # via -r app/projects/libraries/requirements.txt
