# This file was autogenerated by uv via the following command:
#    uv pip compile app/projects/libraries/requirements.txt --python-version 3.13 --generate-hashes -o app/projects/libraries/requirements.lock
mypy-boto3-dynamodb==1.43.0 \
    --hash=sha256:60b64d15e86d406a980d96f734d8c7fb1704668d0234dc8dabd2532c902a3ba6 \
    --hash=sha256:f0cea38e058f1d07361ecb55d8f40665d824b42cf4864724c7fccc8bf3946fcd
    # via -r app/projects/libraries/requirements.txt
mypy-boto3-ec2==1.43.0 \
    --hash=sha256:241596b819ba9632b7c5f395bf34c7b9c00ae1754dfca67997cae96518e0c9f5 \
    --hash=sha256:e38e452ce4111db15147746fa5d69450fe4ceb82e1ac854ffdf5100cb9fbb342
    # via -r app/projects/libraries/requirements.txt
mypy-boto3-route53==1.43.0 \
    --hash=sha256:0ccef6d66ee2e250ff9ff3f3e5f7157e488598bcfcf4615418f2698611d0d229 \
    --hash=sha256:2ef6ba1b99fedba2f169f559db07192e065889862763054cd44fe32641220145
    # via -r app/projects/libraries/requirements.txt
